{
  "name": "grid-template",
  "version": "2.0.0",
  "lockfileVersion": 3,
  "requires": true,
  "packages": {
    "": {
      "name": "grid-template",
      "version": "2.0.0",
      "license": "MIT",
      "devDependencies": {
        "editorconfig-checker": "^5.1.9"
      }
    },
    "node_modules/editorconfig-checker": {
      "version": "5.1.9",
      "resolved": "https://registry.npmjs.org/editorconfig-checker/-/editorconfig-checker-5.1.9.tgz",
      "integrity": "sha512-p1XFFxEkhY9Nl+kuMLZA6PzzZ6s+dvy4yBmJD68tC4BwBQdjUh2p1VxA6IbtN5beaX6i7WtHeEsvTK5LF+W+OQ==",
      "dev": true,
      "license": "MIT",
      "bin": {
        "ec": "dist/index.js",
        "editorconfig-checker": "dist/index.js"
      },
      "engines": {
        "node": ">=18.0.0"
      },
      "funding": {
        "type": "buymeacoffee",
        "url": "https://www.buymeacoffee.com/mstruebing"
      }
    }
  }
}
