# THIS IS AN AUTOGENERATED FILE. DO NOT EDIT THIS FILE DIRECTLY.
# yarn lockfile v1


"@fortawesome/fontawesome-free@^5.4.2":
  version "5.8.1"
  resolved "https://registry.yarnpkg.com/@fortawesome/fontawesome-free/-/fontawesome-free-5.8.1.tgz#cbafbfe8894c4e3e3c3a9da6774e249ac1f2da8b"
  integrity sha512-GJtx6e55qLEOy2gPOsok2lohjpdWNGrYGtQx0FFT/++K4SYx+Z8LlPHdQBaFzKEwH5IbBB4fNgb//uyZjgYXoA==

jquery@^3.3.1:
  version "3.4.1"
  resolved "https://registry.yarnpkg.com/jquery/-/jquery-3.4.1.tgz#714f1f8d9dde4bdfa55764ba37ef214630d80ef2"
  integrity sha512-36+AdBzCL+y6qjw5Tx7HgzeGCzC81MDDgaUP8ld2zhx58HdqXGoBd+tHdrBMiyjGQs0Hxs/MLZTu/eHNJJuWPw==

normalize-scss@^7.0.1:
  version "7.0.1"
  resolved "https://registry.yarnpkg.com/normalize-scss/-/normalize-scss-7.0.1.tgz#74485e82bb5d0526371136422a09fdb868ffc1a4"
  integrity sha512-qj16bWnYs+9/ac29IgGjySg4R5qQTp1lXfm7ApFOZNVBYFY8RZ3f8+XQNDDLHeDtI3Ba7Jj4+LuPgz9v/fne2A==
